
Microsoft Visual Studio Solution File, Format Version 12.00
# Visual Studio 15
VisualStudioVersion = 15.0.28307.1062
MinimumVisualStudioVersion = 10.0.40219.1
Project("{E24C65DC-7377-472B-9ABA-BC803B73C61A}") = "cw5", "cw5\", "{19634537-7A1F-42C2-A00B-6F74A51071F3}"
	ProjectSection(WebsiteProperties) = preProject
		TargetFrameworkMoniker = ".NETFramework,Version%3Dv4.6.1"
		Debug.AspNetCompiler.VirtualPath = "/localhost_20687"
		Debug.AspNetCompiler.PhysicalPath = "cw5\"
		Debug.AspNetCompiler.TargetPath = "PrecompiledWeb\localhost_20687\"
		Debug.AspNetCompiler.Updateable = "true"
		Debug.AspNetCompiler.ForceOverwrite = "true"
		Debug.AspNetCompiler.FixedNames = "false"
		Debug.AspNetCompiler.Debug = "True"
		Release.AspNetCompiler.VirtualPath = "/localhost_20687"
		Release.AspNetCompiler.PhysicalPath = "cw5\"
		Release.AspNetCompiler.TargetPath = "PrecompiledWeb\localhost_20687\"
		Release.AspNetCompiler.Updateable = "true"
		Release.AspNetCompiler.ForceOverwrite = "true"
		Release.AspNetCompiler.FixedNames = "false"
		Release.AspNetCompiler.Debug = "False"
		VWDPort = "20687"
		SlnRelativePath = "cw5\"
		DefaultWebSiteLanguage = "Visual C#"
	EndProjectSection
EndProject
Global
	GlobalSection(SolutionConfigurationPlatforms) = preSolution
		Debug|Any CPU = Debug|Any CPU
	EndGlobalSection
	GlobalSection(ProjectConfigurationPlatforms) = postSolution
		{19634537-7A1F-42C2-A00B-6F74A51071F3}.Debug|Any CPU.ActiveCfg = Debug|Any CPU
		{19634537-7A1F-42C2-A00B-6F74A51071F3}.Debug|Any CPU.Build.0 = Debug|Any CPU
	EndGlobalSection
	GlobalSection(SolutionProperties) = preSolution
		HideSolutionNode = FALSE
	EndGlobalSection
	GlobalSection(ExtensibilityGlobals) = postSolution
		SolutionGuid = {67E547F0-964E-480E-AED7-A45CC599B21B}
	EndGlobalSection
EndGlobal
